{
    "_readme": [
        "This file locks the dependencies of your project to a known state",
        "Read more about it at https://getcomposer.org/doc/01-basic-usage.md#composer-lock-the-lock-file",
        "This file is @generated automatically"
    ],
    "hash": "608ac3a7a2f0090a8020b220e66fa16a",
    "content-hash": "321d19493925f07be65d7deb6f185ffa",
    "packages": [
        {
            "name": "casadatos/dashboard",
            "version": "v0.0.2",
            "source": {
                "type": "git",
                "url": "https://github.com/coff/dashboard.git",
                "reference": "0019de5515d654764eff9f4910bc57d1f455c20d"
            },
            "dist": {
                "type": "zip",
                "url": "https://api.github.com/repos/coff/dashboard/zipball/0019de5515d654764eff9f4910bc57d1f455c20d",
                "reference": "0019de5515d654764eff9f4910bc57d1f455c20d",
                "shasum": ""
            },
            "require-dev": {
                "phpunit/phpunit": "4.2.*"
            },
            "type": "library",
            "autoload": {
                "psr-4": {
                    "Casadatos\\Component\\Dashboard\\": "src/",
                    "Casadatos\\Component\\Dashboard\\Tests\\": "tests/"
                }
            },
            "support": {
                "source": "https://github.com/coff/dashboard/tree/v0.0.2",
                "issues": "https://github.com/coff/dashboard/issues"
            },
            "time": "2017-03-11 15:01:41"
        },
        {
            "name": "coff/php-api-datasource",
            "version": "v0.0.4",
            "source": {
                "type": "git",
                "url": "https://github.com/coff/php-api-datasource.git",
                "reference": "337001a5f4e3b8891d37507be261514a0e632f75"
            },
            "dist": {
                "type": "zip",
                "url": "https://api.github.com/repos/coff/php-api-datasource/zipball/337001a5f4e3b8891d37507be261514a0e632f75",
                "reference": "337001a5f4e3b8891d37507be261514a0e632f75",
                "shasum": ""
            },
            "type": "library",
            "autoload": {
                "psr-4": {
                    "Coff\\DataSource\\": "src/"
                }
            },
            "license": [
                "MIT"
            ],
            "authors": [
                {
                    "name": "Krzysztof Kubanek",
                    "email": "krzysztof.kubanek@gmail.com"
                }
            ],
            "description": "API package for DataSource class",
            "support": {
                "source": "https://github.com/coff/php-api-datasource/tree/v0.0.4",
                "issues": "https://github.com/coff/php-api-datasource/issues"
            },
            "time": "2017-02-19 23:01:04"
        },
        {
            "name": "coff/php-spi-max6675",
            "version": "v0.0.2",
            "source": {
                "type": "git",
                "url": "https://github.com/coff/php-spi-max6675.git",
                "reference": "635647c4495a586bfe8db2cbf1fd8a3c07ba2819"
            },
            "dist": {
                "type": "zip",
                "url": "https://api.github.com/repos/coff/php-spi-max6675/zipball/635647c4495a586bfe8db2cbf1fd8a3c07ba2819",
                "reference": "635647c4495a586bfe8db2cbf1fd8a3c07ba2819",
                "shasum": ""
            },
            "require": {
                "coff/php-api-datasource": "~0.0.4",
                "ext-spi": "*"
            },
            "type": "library",
            "autoload": {
                "psr-4": {
                    "Coff\\Max6675\\": "src/"
                }
            },
            "license": [
                "MIT"
            ],
            "authors": [
                {
                    "name": "Krzysztof Kubanek",
                    "email": "krzysztof.kubanek@gmail.com"
                }
            ],
            "description": "MAX6675 thermocouple controller communication library over SPI",
            "support": {
                "source": "https://github.com/coff/php-spi-max6675/tree/v0.0.2",
                "issues": "https://github.com/coff/php-spi-max6675/issues"
            },
            "time": "2017-02-24 21:20:11"
        },
        {
            "name": "coff/php-spi-mcp3008",
            "version": "v0.0.3",
            "source": {
                "type": "git",
                "url": "https://github.com/coff/php-spi-mcp3008.git",
                "reference": "d040c82858d81e209da72df03c5c23b72e6088ac"
            },
            "dist": {
                "type": "zip",
                "url": "https://api.github.com/repos/coff/php-spi-mcp3008/zipball/d040c82858d81e209da72df03c5c23b72e6088ac",
                "reference": "d040c82858d81e209da72df03c5c23b72e6088ac",
                "shasum": ""
            },
            "require": {
                "coff/php-api-datasource": "^0.0.4",
                "ext-spi": "*"
            },
            "type": "library",
            "autoload": {
                "psr-4": {
                    "Coff\\Mcp3008\\": "src/"
                }
            },
            "license": [
                "MIT"
            ],
            "authors": [
                {
                    "name": "Krzysztof Kubanek",
                    "email": "krzysztof.kubanek@gmail.com"
                }
            ],
            "description": "Library for handling mcp3008 analog to digital converter over spi",
            "support": {
                "source": "https://github.com/coff/php-spi-mcp3008/tree/master",
                "issues": "https://github.com/coff/php-spi-mcp3008/issues"
            },
            "time": "2017-02-19 23:40:45"
        },
        {
            "name": "coff/php-w1-server-client",
            "version": "v0.0.4",
            "source": {
                "type": "git",
                "url": "https://github.com/coff/php-w1-server-client.git",
                "reference": "834c869f939824cc4374f19454b43de3c2a74a8f"
            },
            "dist": {
                "type": "zip",
                "url": "https://api.github.com/repos/coff/php-w1-server-client/zipball/834c869f939824cc4374f19454b43de3c2a74a8f",
                "reference": "834c869f939824cc4374f19454b43de3c2a74a8f",
                "shasum": ""
            },
            "require": {
                "coff/php-api-datasource": "~0.0.4",
                "monolog/monolog": "^1.22",
                "symfony/console": "^3.2"
            },
            "type": "library",
            "autoload": {
                "psr-4": {
                    "Coff\\OneWire\\": "src/",
                    "Coff\\OneWire\\Examples\\": "examples/"
                }
            },
            "license": [
                "MIT"
            ],
            "authors": [
                {
                    "name": "Krzysztof Kubanek",
                    "email": "krzysztof.kubanek@gmail.com"
                }
            ],
            "description": "One-Wire (1-wire) devices server & client",
            "support": {
                "source": "https://github.com/coff/php-w1-server-client/tree/v0.0.4",
                "issues": "https://github.com/coff/php-w1-server-client/issues"
            },
            "time": "2017-02-25 12:12:12"
        },
        {
            "name": "garoevans/php-enum",
            "version": "1.2.0",
            "source": {
                "type": "git",
                "url": "https://github.com/garoevans/php-enum.git",
                "reference": "ef76bbc711bf52f63556fb91904cea0d762343c4"
            },
            "dist": {
                "type": "zip",
                "url": "https://api.github.com/repos/garoevans/php-enum/zipball/ef76bbc711bf52f63556fb91904cea0d762343c4",
                "reference": "ef76bbc711bf52f63556fb91904cea0d762343c4",
                "shasum": ""
            },
            "require": {
                "php": ">=5.4"
            },
            "require-dev": {
                "phpunit/phpunit": "4.*"
            },
            "type": "library",
            "autoload": {
                "psr-4": {
                    "Garoevans\\PhpEnum\\": "src/"
                }
            },
            "autoload-dev": {
                "psr-4": {
                    "Garoevans\\PhpEnum\\Tests\\": "tests/unit/src"
                }
            },
            "license": [
                "MIT"
            ],
            "authors": [
                {
                    "name": "Gareth Evans",
                    "email": "garoevans@gmail.com",
                    "role": "developer"
                }
            ],
            "description": "Convenient way to always have an Enum object available and utilise Spl Types if available.",
            "homepage": "https://github.com/garoevans/php-enum",
            "keywords": [
                "enum",
                "enumeration",
                "php",
                "splenum",
                "type"
            ],
            "support": {
                "email": "garoevans@gmail.com",
                "source": "https://github.com/garoevans/php-enum/tree/1.2.0",
                "issues": "https://github.com/garoevans/php-enum/issues"
            },
            "time": "2014-10-09 22:41:24"
        },
        {
            "name": "monolog/monolog",
            "version": "1.22.0",
            "source": {
                "type": "git",
                "url": "https://github.com/Seldaek/monolog.git",
                "reference": "bad29cb8d18ab0315e6c477751418a82c850d558"
            },
            "dist": {
                "type": "zip",
                "url": "https://api.github.com/repos/Seldaek/monolog/zipball/bad29cb8d18ab0315e6c477751418a82c850d558",
                "reference": "bad29cb8d18ab0315e6c477751418a82c850d558",
                "shasum": ""
            },
            "require": {
                "php": ">=5.3.0",
                "psr/log": "~1.0"
            },
            "provide": {
                "psr/log-implementation": "1.0.0"
            },
            "require-dev": {
                "aws/aws-sdk-php": "^2.4.9 || ^3.0",
                "doctrine/couchdb": "~1.0@dev",
                "graylog2/gelf-php": "~1.0",
                "jakub-onderka/php-parallel-lint": "0.9",
                "php-amqplib/php-amqplib": "~2.4",
                "php-console/php-console": "^3.1.3",
                "phpunit/phpunit": "~4.5",
                "phpunit/phpunit-mock-objects": "2.3.0",
                "ruflin/elastica": ">=0.90 <3.0",
                "sentry/sentry": "^0.13",
                "swiftmailer/swiftmailer": "~5.3"
            },
            "suggest": {
                "aws/aws-sdk-php": "Allow sending log messages to AWS services like DynamoDB",
                "doctrine/couchdb": "Allow sending log messages to a CouchDB server",
                "ext-amqp": "Allow sending log messages to an AMQP server (1.0+ required)",
                "ext-mongo": "Allow sending log messages to a MongoDB server",
                "graylog2/gelf-php": "Allow sending log messages to a GrayLog2 server",
                "mongodb/mongodb": "Allow sending log messages to a MongoDB server via PHP Driver",
                "php-amqplib/php-amqplib": "Allow sending log messages to an AMQP server using php-amqplib",
                "php-console/php-console": "Allow sending log messages to Google Chrome",
                "rollbar/rollbar": "Allow sending log messages to Rollbar",
                "ruflin/elastica": "Allow sending log messages to an Elastic Search server",
                "sentry/sentry": "Allow sending log messages to a Sentry server"
            },
            "type": "library",
            "extra": {
                "branch-alias": {
                    "dev-master": "2.0.x-dev"
                }
            },
            "autoload": {
                "psr-4": {
                    "Monolog\\": "src/Monolog"
                }
            },
            "notification-url": "https://packagist.org/downloads/",
            "license": [
                "MIT"
            ],
            "authors": [
                {
                    "name": "Jordi Boggiano",
                    "email": "j.boggiano@seld.be",
                    "homepage": "http://seld.be"
                }
            ],
            "description": "Sends your logs to files, sockets, inboxes, databases and various web services",
            "homepage": "http://github.com/Seldaek/monolog",
            "keywords": [
                "log",
                "logging",
                "psr-3"
            ],
            "time": "2016-11-26 00:15:39"
        },
        {
            "name": "pimple/pimple",
            "version": "v3.0.2",
            "source": {
                "type": "git",
                "url": "https://github.com/silexphp/Pimple.git",
                "reference": "a30f7d6e57565a2e1a316e1baf2a483f788b258a"
            },
            "dist": {
                "type": "zip",
                "url": "https://api.github.com/repos/silexphp/Pimple/zipball/a30f7d6e57565a2e1a316e1baf2a483f788b258a",
                "reference": "a30f7d6e57565a2e1a316e1baf2a483f788b258a",
                "shasum": ""
            },
            "require": {
                "php": ">=5.3.0"
            },
            "type": "library",
            "extra": {
                "branch-alias": {
                    "dev-master": "3.0.x-dev"
                }
            },
            "autoload": {
                "psr-0": {
                    "Pimple": "src/"
                }
            },
            "notification-url": "https://packagist.org/downloads/",
            "license": [
                "MIT"
            ],
            "authors": [
                {
                    "name": "Fabien Potencier",
                    "email": "fabien@symfony.com"
                }
            ],
            "description": "Pimple, a simple Dependency Injection Container",
            "homepage": "http://pimple.sensiolabs.org",
            "keywords": [
                "container",
                "dependency injection"
            ],
            "time": "2015-09-11 15:10:35"
        },
        {
            "name": "piphp/gpio",
            "version": "v0.3.3",
            "source": {
                "type": "git",
                "url": "https://github.com/PiPHP/GPIO.git",
                "reference": "5d2c5b8f6fa7b3327b29ed88fcee0e89a3ca398b"
            },
            "dist": {
                "type": "zip",
                "url": "https://api.github.com/repos/PiPHP/GPIO/zipball/5d2c5b8f6fa7b3327b29ed88fcee0e89a3ca398b",
                "reference": "5d2c5b8f6fa7b3327b29ed88fcee0e89a3ca398b",
                "shasum": ""
            },
            "type": "library",
            "autoload": {
                "psr-4": {
                    "PiPHP\\GPIO\\": "src/"
                }
            },
            "autoload-dev": {
                "psr-4": {
                    "PiPHP\\Test\\GPIO\\": "test/"
                }
            },
            "license": [
                "MIT"
            ],
            "authors": [
                {
                    "name": "Andrew Carter",
                    "email": "andrewcarter1992@gmail.com"
                }
            ],
            "description": "A library for accessing the GPIO pins on a Raspberry Pi",
            "keywords": [
                "gpio",
                "pi",
                "pin",
                "pins",
                "raspberry"
            ],
            "support": {
                "source": "https://github.com/PiPHP/GPIO/tree/v0.3.3",
                "issues": "https://github.com/PiPHP/GPIO/issues"
            },
            "time": "2016-07-09 11:38:12"
        },
        {
            "name": "psr/log",
            "version": "1.0.2",
            "source": {
                "type": "git",
                "url": "https://github.com/php-fig/log.git",
                "reference": "4ebe3a8bf773a19edfe0a84b6585ba3d401b724d"
            },
            "dist": {
                "type": "zip",
                "url": "https://api.github.com/repos/php-fig/log/zipball/4ebe3a8bf773a19edfe0a84b6585ba3d401b724d",
                "reference": "4ebe3a8bf773a19edfe0a84b6585ba3d401b724d",
                "shasum": ""
            },
            "require": {
                "php": ">=5.3.0"
            },
            "type": "library",
            "extra": {
                "branch-alias": {
                    "dev-master": "1.0.x-dev"
                }
            },
            "autoload": {
                "psr-4": {
                    "Psr\\Log\\": "Psr/Log/"
                }
            },
            "notification-url": "https://packagist.org/downloads/",
            "license": [
                "MIT"
            ],
            "authors": [
                {
                    "name": "PHP-FIG",
                    "homepage": "http://www.php-fig.org/"
                }
            ],
            "description": "Common interface for logging libraries",
            "homepage": "https://github.com/php-fig/log",
            "keywords": [
                "log",
                "psr",
                "psr-3"
            ],
            "time": "2016-10-10 12:19:37"
        },
        {
            "name": "symfony/console",
            "version": "v3.2.4",
            "source": {
                "type": "git",
                "url": "https://github.com/symfony/console.git",
                "reference": "0e5e6899f82230fcb1153bcaf0e106ffaa44b870"
            },
            "dist": {
                "type": "zip",
                "url": "https://api.github.com/repos/symfony/console/zipball/0e5e6899f82230fcb1153bcaf0e106ffaa44b870",
                "reference": "0e5e6899f82230fcb1153bcaf0e106ffaa44b870",
                "shasum": ""
            },
            "require": {
                "php": ">=5.5.9",
                "symfony/debug": "~2.8|~3.0",
                "symfony/polyfill-mbstring": "~1.0"
            },
            "require-dev": {
                "psr/log": "~1.0",
                "symfony/event-dispatcher": "~2.8|~3.0",
                "symfony/filesystem": "~2.8|~3.0",
                "symfony/process": "~2.8|~3.0"
            },
            "suggest": {
                "psr/log": "For using the console logger",
                "symfony/event-dispatcher": "",
                "symfony/filesystem": "",
                "symfony/process": ""
            },
            "type": "library",
            "extra": {
                "branch-alias": {
                    "dev-master": "3.2-dev"
                }
            },
            "autoload": {
                "psr-4": {
                    "Symfony\\Component\\Console\\": ""
                },
                "exclude-from-classmap": [
                    "/Tests/"
                ]
            },
            "notification-url": "https://packagist.org/downloads/",
            "license": [
                "MIT"
            ],
            "authors": [
                {
                    "name": "Fabien Potencier",
                    "email": "fabien@symfony.com"
                },
                {
                    "name": "Symfony Community",
                    "homepage": "https://symfony.com/contributors"
                }
            ],
            "description": "Symfony Console Component",
            "homepage": "https://symfony.com",
            "time": "2017-02-16 14:07:22"
        },
        {
            "name": "symfony/debug",
            "version": "v3.2.4",
            "source": {
                "type": "git",
                "url": "https://github.com/symfony/debug.git",
                "reference": "9b98854cb45bc59d100b7d4cc4cf9e05f21026b9"
            },
            "dist": {
                "type": "zip",
                "url": "https://api.github.com/repos/symfony/debug/zipball/9b98854cb45bc59d100b7d4cc4cf9e05f21026b9",
                "reference": "9b98854cb45bc59d100b7d4cc4cf9e05f21026b9",
                "shasum": ""
            },
            "require": {
                "php": ">=5.5.9",
                "psr/log": "~1.0"
            },
            "conflict": {
                "symfony/http-kernel": ">=2.3,<2.3.24|~2.4.0|>=2.5,<2.5.9|>=2.6,<2.6.2"
            },
            "require-dev": {
                "symfony/class-loader": "~2.8|~3.0",
                "symfony/http-kernel": "~2.8|~3.0"
            },
            "type": "library",
            "extra": {
                "branch-alias": {
                    "dev-master": "3.2-dev"
                }
            },
            "autoload": {
                "psr-4": {
                    "Symfony\\Component\\Debug\\": ""
                },
                "exclude-from-classmap": [
                    "/Tests/"
                ]
            },
            "notification-url": "https://packagist.org/downloads/",
            "license": [
                "MIT"
            ],
            "authors": [
                {
                    "name": "Fabien Potencier",
                    "email": "fabien@symfony.com"
                },
                {
                    "name": "Symfony Community",
                    "homepage": "https://symfony.com/contributors"
                }
            ],
            "description": "Symfony Debug Component",
            "homepage": "https://symfony.com",
            "time": "2017-02-16 16:34:18"
        },
        {
            "name": "symfony/event-dispatcher",
            "version": "v3.2.4",
            "source": {
                "type": "git",
                "url": "https://github.com/symfony/event-dispatcher.git",
                "reference": "9137eb3a3328e413212826d63eeeb0217836e2b6"
            },
            "dist": {
                "type": "zip",
                "url": "https://api.github.com/repos/symfony/event-dispatcher/zipball/9137eb3a3328e413212826d63eeeb0217836e2b6",
                "reference": "9137eb3a3328e413212826d63eeeb0217836e2b6",
                "shasum": ""
            },
            "require": {
                "php": ">=5.5.9"
            },
            "require-dev": {
                "psr/log": "~1.0",
                "symfony/config": "~2.8|~3.0",
                "symfony/dependency-injection": "~2.8|~3.0",
                "symfony/expression-language": "~2.8|~3.0",
                "symfony/stopwatch": "~2.8|~3.0"
            },
            "suggest": {
                "symfony/dependency-injection": "",
                "symfony/http-kernel": ""
            },
            "type": "library",
            "extra": {
                "branch-alias": {
                    "dev-master": "3.2-dev"
                }
            },
            "autoload": {
                "psr-4": {
                    "Symfony\\Component\\EventDispatcher\\": ""
                },
                "exclude-from-classmap": [
                    "/Tests/"
                ]
            },
            "notification-url": "https://packagist.org/downloads/",
            "license": [
                "MIT"
            ],
            "authors": [
                {
                    "name": "Fabien Potencier",
                    "email": "fabien@symfony.com"
                },
                {
                    "name": "Symfony Community",
                    "homepage": "https://symfony.com/contributors"
                }
            ],
            "description": "Symfony EventDispatcher Component",
            "homepage": "https://symfony.com",
            "time": "2017-01-02 20:32:22"
        },
        {
            "name": "symfony/polyfill-mbstring",
            "version": "v1.3.0",
            "source": {
                "type": "git",
                "url": "https://github.com/symfony/polyfill-mbstring.git",
                "reference": "e79d363049d1c2128f133a2667e4f4190904f7f4"
            },
            "dist": {
                "type": "zip",
                "url": "https://api.github.com/repos/symfony/polyfill-mbstring/zipball/e79d363049d1c2128f133a2667e4f4190904f7f4",
                "reference": "e79d363049d1c2128f133a2667e4f4190904f7f4",
                "shasum": ""
            },
            "require": {
                "php": ">=5.3.3"
            },
            "suggest": {
                "ext-mbstring": "For best performance"
            },
            "type": "library",
            "extra": {
                "branch-alias": {
                    "dev-master": "1.3-dev"
                }
            },
            "autoload": {
                "psr-4": {
                    "Symfony\\Polyfill\\Mbstring\\": ""
                },
                "files": [
                    "bootstrap.php"
                ]
            },
            "notification-url": "https://packagist.org/downloads/",
            "license": [
                "MIT"
            ],
            "authors": [
                {
                    "name": "Nicolas Grekas",
                    "email": "p@tchwork.com"
                },
                {
                    "name": "Symfony Community",
                    "homepage": "https://symfony.com/contributors"
                }
            ],
            "description": "Symfony polyfill for the Mbstring extension",
            "homepage": "https://symfony.com",
            "keywords": [
                "compatibility",
                "mbstring",
                "polyfill",
                "portable",
                "shim"
            ],
            "time": "2016-11-14 01:06:16"
        }
    ],
    "packages-dev": [],
    "aliases": [],
    "minimum-stability": "stable",
    "stability-flags": [],
    "prefer-stable": false,
    "prefer-lowest": false,
    "platform": [],
    "platform-dev": []
}
